
Microsoft Visual Studio Solution File, Format Version 12.00
# Visual Studio Version 16
VisualStudioVersion = 16.0.30503.244
MinimumVisualStudioVersion = 10.0.40219.1
Project("{FAE04EC0-301F-11D3-BF4B-00C04F79EFBC}") = "EffortTrackingSystem.API", "EffortTrackingSystem.API\EffortTrackingSystem.API.csproj", "{AC107F3E-F7A8-491B-AF52-E29F9B4352BB}"
EndProject
Project("{FAE04EC0-301F-11D3-BF4B-00C04F79EFBC}") = "EffortTrackingSystem.Web", "EffortTrackingSystem.Web\EffortTrackingSystem.Web.csproj", "{D069B486-0319-46C5-BAAB-55501493DFB0}"
EndProject
Project("{FAE04EC0-301F-11D3-BF4B-00C04F79EFBC}") = "EffortTrackingSystem.Models", "EffortTrackingSystem.Models\EffortTrackingSystem.Models.csproj", "{AEB9F263-FC01-40D7-9D4F-04C7F8E50FAC}"
EndProject
Global
	GlobalSection(SolutionConfigurationPlatforms) = preSolution
		Debug|Any CPU = Debug|Any CPU
		Release|Any CPU = Release|Any CPU
	EndGlobalSection
	GlobalSection(ProjectConfigurationPlatforms) = postSolution
		{AC107F3E-F7A8-491B-AF52-E29F9B4352BB}.Debug|Any CPU.ActiveCfg = Debug|Any CPU
		{AC107F3E-F7A8-491B-AF52-E29F9B4352BB}.Debug|Any CPU.Build.0 = Debug|Any CPU
		{AC107F3E-F7A8-491B-AF52-E29F9B4352BB}.Release|Any CPU.ActiveCfg = Release|Any CPU
		{AC107F3E-F7A8-491B-AF52-E29F9B4352BB}.Release|Any CPU.Build.0 = Release|Any CPU
		{D069B486-0319-46C5-BAAB-55501493DFB0}.Debug|Any CPU.ActiveCfg = Debug|Any CPU
		{D069B486-0319-46C5-BAAB-55501493DFB0}.Debug|Any CPU.Build.0 = Debug|Any CPU
		{D069B486-0319-46C5-BAAB-55501493DFB0}.Release|Any CPU.ActiveCfg = Release|Any CPU
		{D069B486-0319-46C5-BAAB-55501493DFB0}.Release|Any CPU.Build.0 = Release|Any CPU
		{AEB9F263-FC01-40D7-9D4F-04C7F8E50FAC}.Debug|Any CPU.ActiveCfg = Debug|Any CPU
		{AEB9F263-FC01-40D7-9D4F-04C7F8E50FAC}.Debug|Any CPU.Build.0 = Debug|Any CPU
		{AEB9F263-FC01-40D7-9D4F-04C7F8E50FAC}.Release|Any CPU.ActiveCfg = Release|Any CPU
		{AEB9F263-FC01-40D7-9D4F-04C7F8E50FAC}.Release|Any CPU.Build.0 = Release|Any CPU
	EndGlobalSection
	GlobalSection(SolutionProperties) = preSolution
		HideSolutionNode = FALSE
	EndGlobalSection
	GlobalSection(ExtensibilityGlobals) = postSolution
		SolutionGuid = {9E7081F8-4FA8-4AC1-BCAC-BB5675B52F02}
	EndGlobalSection
EndGlobal
